{
  "version": 4,
  "terraform_version": "0.12.8",
  "serial": 46,
  "lineage": "66c52e56-9b49-72e7-eb1b-bacbfbe7b6bb",
  "outputs": {
    "dnsNames": {
      "value": "ec2-3-232-114-110.compute-1.amazonaws.com,ec2-34-231-15-64.compute-1.amazonaws.com,ec2-3-232-103-131.compute-1.amazonaws.com",
      "type": "string"
    }
  },
  "resources": [
    {
      "mode": "data",
      "type": "aws_ami",
      "name": "ubuntu",
      "provider": "provider.aws",
      "instances": [
        {
          "schema_version": 0,
          "attributes": {
            "architecture": "x86_64",
            "block_device_mappings": [
              {
                "device_name": "/dev/sda1",
                "ebs": {
                  "delete_on_termination": "true",
                  "encrypted": "false",
                  "iops": "0",
                  "snapshot_id": "snap-0b2ce82fbce9ea451",
                  "volume_size": "8",
                  "volume_type": "gp2"
                },
                "no_device": "",
                "virtual_name": ""
              },
              {
                "device_name": "/dev/sdb",
                "ebs": {},
                "no_device": "",
                "virtual_name": "ephemeral0"
              },
              {
                "device_name": "/dev/sdc",
                "ebs": {},
                "no_device": "",
                "virtual_name": "ephemeral1"
              }
            ],
            "creation_date": "2019-10-21T22:21:16.000Z",
            "description": "Canonical, Ubuntu, 18.04 LTS, amd64 bionic image build on 2019-10-21",
            "executable_users": null,
            "filter": [
              {
                "name": "name",
                "values": [
                  "ubuntu/images/hvm-ssd/ubuntu-bionic-18.04-amd64-server-*"
                ]
              }
            ],
            "hypervisor": "xen",
            "id": "ami-0d5ae5525eb033d0a",
            "image_id": "ami-0d5ae5525eb033d0a",
            "image_location": "099720109477/ubuntu/images/hvm-ssd/ubuntu-bionic-18.04-amd64-server-20191021",
            "image_owner_alias": null,
            "image_type": "machine",
            "kernel_id": null,
            "most_recent": true,
            "name": "ubuntu/images/hvm-ssd/ubuntu-bionic-18.04-amd64-server-20191021",
            "name_regex": null,
            "owner_id": "099720109477",
            "owners": [
              "099720109477"
            ],
            "platform": null,
            "product_codes": [],
            "public": true,
            "ramdisk_id": null,
            "root_device_name": "/dev/sda1",
            "root_device_type": "ebs",
            "root_snapshot_id": "snap-0b2ce82fbce9ea451",
            "sriov_net_support": "simple",
            "state": "available",
            "state_reason": {
              "code": "UNSET",
              "message": "UNSET"
            },
            "tags": {},
            "virtualization_type": "hvm"
          }
        }
      ]
    },
    {
      "module": "module.masterNode",
      "mode": "data",
      "type": "template_cloudinit_config",
      "name": "userData",
      "each": "list",
      "provider": "provider.template",
      "instances": [
        {
          "index_key": 0,
          "schema_version": 0,
          "attributes": {
            "base64_encode": true,
            "gzip": true,
            "id": "218757515",
            "part": [
              {
                "content": "#cloud-config\r\n---\r\nhostname: \"es-master-0\"\r\n",
                "content_type": "text/cloud-config",
                "filename": "",
                "merge_type": ""
              }
            ],
            "rendered": "H4sIAAAAAAAA/2TOv2rDMBDH8V2gdxDqfLU7FVQ69I+HDm6hJIGMsnV2BNbJSGew3z44Q3DwePDhvr+vSIzEcFhGNCpMA/vRJi6Cn9G9qSZO5Gxa3nX9U1eff8ff74//sxbrBSdM2Ucy6uW5lEIKgC2S4v47WcodJqiojc5Tb9Rr43kDbnHGmYt2iJODNlLneylqH3CXeXo0ACDFJWYmG9AojRmCzYwJSr1fteJrAAAA//9wnB199AAAAA=="
          }
        },
        {
          "index_key": 1,
          "schema_version": 0,
          "attributes": {
            "base64_encode": true,
            "gzip": true,
            "id": "2335475843",
            "part": [
              {
                "content": "#cloud-config\r\n---\r\nhostname: \"es-master-1\"\r\n",
                "content_type": "text/cloud-config",
                "filename": "",
                "merge_type": ""
              }
            ],
            "rendered": "H4sIAAAAAAAA/2TOv2rDMBDH8V2gdxDqfHU9FVQ69I+HDm6hJIGMsnV2BNbJSGew3z44Q3DwePDhvr+vSIzEcFhGNCpMA/vRJi6Cn9G9qSZO5Gxa3nX9U1eff8ff74//sxbrBSdM2Ucyqnx+kUIKgC2S4v47WcodJqiojc5Tb9Rr43kDbnHGmYt2iJODNlLneylqH3CXeXo0ACDFJWYmG9AojRmCzYwJSr1fteJrAAAA//9X+Tj89AAAAA=="
          }
        },
        {
          "index_key": 2,
          "schema_version": 0,
          "attributes": {
            "base64_encode": true,
            "gzip": true,
            "id": "3472162860",
            "part": [
              {
                "content": "#cloud-config\r\n---\r\nhostname: \"es-master-2\"\r\n",
                "content_type": "text/cloud-config",
                "filename": "",
                "merge_type": ""
              }
            ],
            "rendered": "H4sIAAAAAAAA/2TOv2rDMBDH8V2gdxDqfHXbpaDSoX88dHADIQlklK2zI7BORjqD/fbBGYKDx4MP9/39RGIkhsM8oFFh7NkPNnER/ITuQ9VxJGfT/Kmrv6r83h3/f7/2Zy2WC06Yso9k1OvzixRSAKyRFPffyVJuMUFJTXSeOqPea88rcIszTlw0fRwdNJFa30lR+YCbzNOjAQApLjEz2YBGacwQbGZM8Ka3qxZ8DQAA//9/UCak9AAAAA=="
          }
        }
      ]
    },
    {
      "module": "module.masterNode",
      "mode": "managed",
      "type": "aws_eip",
      "name": "elasticIp",
      "each": "list",
      "provider": "provider.aws",
      "instances": [
        {
          "index_key": 0,
          "schema_version": 0,
          "attributes": {
            "allocation_id": null,
            "associate_with_private_ip": null,
            "association_id": "eipassoc-0970deb1c04e84cab",
            "domain": "vpc",
            "id": "eipalloc-07ef8effda8876022",
            "instance": "i-0aa82b109639b9554",
            "network_interface": "eni-0648cebb98dfb81a2",
            "private_dns": "ip-10-150-0-148.ec2.internal",
            "private_ip": "10.150.0.148",
            "public_dns": "ec2-3-232-114-110.compute-1.amazonaws.com",
            "public_ip": "3.232.114.110",
            "public_ipv4_pool": "amazon",
            "tags": null,
            "timeouts": null,
            "vpc": true
          },
          "private": "eyJlMmJmYjczMC1lY2FhLTExZTYtOGY4OC0zNDM2M2JjN2M0YzAiOnsiZGVsZXRlIjoxODAwMDAwMDAwMDAsInJlYWQiOjkwMDAwMDAwMDAwMCwidXBkYXRlIjozMDAwMDAwMDAwMDB9fQ==",
          "depends_on": [
            "aws_instance.instance"
          ]
        },
        {
          "index_key": 1,
          "schema_version": 0,
          "attributes": {
            "allocation_id": null,
            "associate_with_private_ip": null,
            "association_id": "eipassoc-087b8f2b3364553c2",
            "domain": "vpc",
            "id": "eipalloc-018c655ff079833b4",
            "instance": "i-0aa335c90e4e94924",
            "network_interface": "eni-0325f064f1525e58e",
            "private_dns": "ip-10-150-0-204.ec2.internal",
            "private_ip": "10.150.0.204",
            "public_dns": "ec2-34-231-15-64.compute-1.amazonaws.com",
            "public_ip": "34.231.15.64",
            "public_ipv4_pool": "amazon",
            "tags": null,
            "timeouts": null,
            "vpc": true
          },
          "private": "eyJlMmJmYjczMC1lY2FhLTExZTYtOGY4OC0zNDM2M2JjN2M0YzAiOnsiZGVsZXRlIjoxODAwMDAwMDAwMDAsInJlYWQiOjkwMDAwMDAwMDAwMCwidXBkYXRlIjozMDAwMDAwMDAwMDB9fQ==",
          "depends_on": [
            "aws_instance.instance"
          ]
        },
        {
          "index_key": 2,
          "schema_version": 0,
          "attributes": {
            "allocation_id": null,
            "associate_with_private_ip": null,
            "association_id": "eipassoc-050cca29416a3d3c4",
            "domain": "vpc",
            "id": "eipalloc-05d2c55041384a79a",
            "instance": "i-0c8ab124d74788c1d",
            "network_interface": "eni-069ff5434d5fc71b9",
            "private_dns": "ip-10-150-0-52.ec2.internal",
            "private_ip": "10.150.0.52",
            "public_dns": "ec2-3-232-103-131.compute-1.amazonaws.com",
            "public_ip": "3.232.103.131",
            "public_ipv4_pool": "amazon",
            "tags": null,
            "timeouts": null,
            "vpc": true
          },
          "private": "eyJlMmJmYjczMC1lY2FhLTExZTYtOGY4OC0zNDM2M2JjN2M0YzAiOnsiZGVsZXRlIjoxODAwMDAwMDAwMDAsInJlYWQiOjkwMDAwMDAwMDAwMCwidXBkYXRlIjozMDAwMDAwMDAwMDB9fQ==",
          "depends_on": [
            "aws_instance.instance"
          ]
        }
      ]
    },
    {
      "module": "module.masterNode",
      "mode": "managed",
      "type": "aws_instance",
      "name": "instance",
      "each": "list",
      "provider": "provider.aws",
      "instances": [
        {
          "index_key": 0,
          "schema_version": 1,
          "attributes": {
            "ami": "ami-0d5ae5525eb033d0a",
            "arn": "arn:aws:ec2:us-east-1:684135021874:instance/i-0aa82b109639b9554",
            "associate_public_ip_address": false,
            "availability_zone": "us-east-1a",
            "cpu_core_count": 1,
            "cpu_threads_per_core": 1,
            "credit_specification": [
              {
                "cpu_credits": "standard"
              }
            ],
            "disable_api_termination": false,
            "ebs_block_device": [],
            "ebs_optimized": false,
            "ephemeral_block_device": [],
            "get_password_data": false,
            "host_id": null,
            "iam_instance_profile": "",
            "id": "i-0aa82b109639b9554",
            "instance_initiated_shutdown_behavior": null,
            "instance_state": "running",
            "instance_type": "t2.small",
            "ipv6_address_count": 0,
            "ipv6_addresses": [],
            "key_name": "es-lab-keyPair",
            "monitoring": false,
            "network_interface": [],
            "network_interface_id": null,
            "password_data": "",
            "placement_group": "",
            "primary_network_interface_id": "eni-0648cebb98dfb81a2",
            "private_dns": "ip-10-150-0-148.ec2.internal",
            "private_ip": "10.150.0.148",
            "public_dns": "",
            "public_ip": "",
            "root_block_device": [
              {
                "delete_on_termination": true,
                "encrypted": false,
                "iops": 100,
                "kms_key_id": "",
                "volume_id": "vol-0a7f70138b136a82d",
                "volume_size": 8,
                "volume_type": "gp2"
              }
            ],
            "security_groups": [],
            "source_dest_check": true,
            "subnet_id": "subnet-0a353f38a9963e65d",
            "tags": {
              "Name": "es-master-0"
            },
            "tenancy": "default",
            "timeouts": null,
            "user_data": "bb0d4ebe048024b4562be233cdcde925b349ba19",
            "user_data_base64": null,
            "volume_tags": {},
            "vpc_security_group_ids": [
              "sg-05cca2790cb8ca556"
            ]
          },
          "private": "eyJlMmJmYjczMC1lY2FhLTExZTYtOGY4OC0zNDM2M2JjN2M0YzAiOnsiY3JlYXRlIjo2MDAwMDAwMDAwMDAsImRlbGV0ZSI6MTIwMDAwMDAwMDAwMCwidXBkYXRlIjo2MDAwMDAwMDAwMDB9LCJzY2hlbWFfdmVyc2lvbiI6IjEifQ==",
          "depends_on": [
            "data.template_cloudinit_config.userData"
          ]
        },
        {
          "index_key": 1,
          "schema_version": 1,
          "attributes": {
            "ami": "ami-0d5ae5525eb033d0a",
            "arn": "arn:aws:ec2:us-east-1:684135021874:instance/i-0aa335c90e4e94924",
            "associate_public_ip_address": false,
            "availability_zone": "us-east-1a",
            "cpu_core_count": 1,
            "cpu_threads_per_core": 1,
            "credit_specification": [
              {
                "cpu_credits": "standard"
              }
            ],
            "disable_api_termination": false,
            "ebs_block_device": [],
            "ebs_optimized": false,
            "ephemeral_block_device": [],
            "get_password_data": false,
            "host_id": null,
            "iam_instance_profile": "",
            "id": "i-0aa335c90e4e94924",
            "instance_initiated_shutdown_behavior": null,
            "instance_state": "running",
            "instance_type": "t2.small",
            "ipv6_address_count": 0,
            "ipv6_addresses": [],
            "key_name": "es-lab-keyPair",
            "monitoring": false,
            "network_interface": [],
            "network_interface_id": null,
            "password_data": "",
            "placement_group": "",
            "primary_network_interface_id": "eni-0325f064f1525e58e",
            "private_dns": "ip-10-150-0-204.ec2.internal",
            "private_ip": "10.150.0.204",
            "public_dns": "",
            "public_ip": "",
            "root_block_device": [
              {
                "delete_on_termination": true,
                "encrypted": false,
                "iops": 100,
                "kms_key_id": "",
                "volume_id": "vol-056037c4f048d73b9",
                "volume_size": 8,
                "volume_type": "gp2"
              }
            ],
            "security_groups": [],
            "source_dest_check": true,
            "subnet_id": "subnet-0a353f38a9963e65d",
            "tags": {
              "Name": "es-master-1"
            },
            "tenancy": "default",
            "timeouts": null,
            "user_data": "ffdcbb8f982e38a92336e69b5008dbddfd6b88ea",
            "user_data_base64": null,
            "volume_tags": {},
            "vpc_security_group_ids": [
              "sg-05cca2790cb8ca556"
            ]
          },
          "private": "eyJlMmJmYjczMC1lY2FhLTExZTYtOGY4OC0zNDM2M2JjN2M0YzAiOnsiY3JlYXRlIjo2MDAwMDAwMDAwMDAsImRlbGV0ZSI6MTIwMDAwMDAwMDAwMCwidXBkYXRlIjo2MDAwMDAwMDAwMDB9LCJzY2hlbWFfdmVyc2lvbiI6IjEifQ==",
          "depends_on": [
            "data.template_cloudinit_config.userData"
          ]
        },
        {
          "index_key": 2,
          "schema_version": 1,
          "attributes": {
            "ami": "ami-0d5ae5525eb033d0a",
            "arn": "arn:aws:ec2:us-east-1:684135021874:instance/i-0c8ab124d74788c1d",
            "associate_public_ip_address": false,
            "availability_zone": "us-east-1a",
            "cpu_core_count": 1,
            "cpu_threads_per_core": 1,
            "credit_specification": [
              {
                "cpu_credits": "standard"
              }
            ],
            "disable_api_termination": false,
            "ebs_block_device": [],
            "ebs_optimized": false,
            "ephemeral_block_device": [],
            "get_password_data": false,
            "host_id": null,
            "iam_instance_profile": "",
            "id": "i-0c8ab124d74788c1d",
            "instance_initiated_shutdown_behavior": null,
            "instance_state": "running",
            "instance_type": "t2.small",
            "ipv6_address_count": 0,
            "ipv6_addresses": [],
            "key_name": "es-lab-keyPair",
            "monitoring": false,
            "network_interface": [],
            "network_interface_id": null,
            "password_data": "",
            "placement_group": "",
            "primary_network_interface_id": "eni-069ff5434d5fc71b9",
            "private_dns": "ip-10-150-0-52.ec2.internal",
            "private_ip": "10.150.0.52",
            "public_dns": "",
            "public_ip": "",
            "root_block_device": [
              {
                "delete_on_termination": true,
                "encrypted": false,
                "iops": 100,
                "kms_key_id": "",
                "volume_id": "vol-042e838e55be7692d",
                "volume_size": 8,
                "volume_type": "gp2"
              }
            ],
            "security_groups": [],
            "source_dest_check": true,
            "subnet_id": "subnet-0a353f38a9963e65d",
            "tags": {
              "Name": "es-master-2"
            },
            "tenancy": "default",
            "timeouts": null,
            "user_data": "b6a9c465aed134b23e4929bc2f9f8217efab51ba",
            "user_data_base64": null,
            "volume_tags": {},
            "vpc_security_group_ids": [
              "sg-05cca2790cb8ca556"
            ]
          },
          "private": "eyJlMmJmYjczMC1lY2FhLTExZTYtOGY4OC0zNDM2M2JjN2M0YzAiOnsiY3JlYXRlIjo2MDAwMDAwMDAwMDAsImRlbGV0ZSI6MTIwMDAwMDAwMDAwMCwidXBkYXRlIjo2MDAwMDAwMDAwMDB9LCJzY2hlbWFfdmVyc2lvbiI6IjEifQ==",
          "depends_on": [
            "data.template_cloudinit_config.userData"
          ]
        }
      ]
    },
    {
      "mode": "managed",
      "type": "aws_internet_gateway",
      "name": "igw",
      "provider": "provider.aws",
      "instances": [
        {
          "schema_version": 0,
          "attributes": {
            "id": "igw-09e3a3a3cf51c3004",
            "owner_id": "684135021874",
            "tags": {
              "name": "es-lab"
            },
            "vpc_id": "vpc-022563250ef9c874f"
          },
          "private": "bnVsbA==",
          "depends_on": [
            "aws_vpc.vpc"
          ]
        }
      ]
    },
    {
      "mode": "managed",
      "type": "aws_key_pair",
      "name": "es-labKeyPair",
      "provider": "provider.aws",
      "instances": [
        {
          "schema_version": 1,
          "attributes": {
            "fingerprint": "86:52:f5:4d:6a:0b:67:04:35:5d:72:fe:de:9b:b6:e0",
            "id": "es-lab-keyPair",
            "key_name": "es-lab-keyPair",
            "key_name_prefix": null,
            "public_key": "ssh-rsa AAAAB3NzaC1yc2EAAAADAQABAAABAQDgF0sUn1w4qCd3OcyI5eSEF8BMoBXAjoKR3hHafEp7e0+qIfrqE9RHBlThCXtos8P5FMAeOUUyLqQqqUsIaoVbDazy2UrIDMv6mdktVFnHLZ7oW7bSpUBCX4e3eGsZBYUSfQemX9ng1YzLlUdbv5z5gmQc+RDW2ZvLuTfTiKO7tVqVRWtQcBostaJ/AD6OBR/YWM5muOV+QFou/UqQJHZVafFbmVlbn4cHJa/H3HaxjGZum9j6WsCGLJSNWYBp9bolup7HQzHvRIk4herYBDkpPTiKE+6PerjB7+ZJP8J9gdBZOWf2NsQpYJR7XuBL1Eha1dX7FhR1GTD/45gaoIqr"
          },
          "private": "eyJzY2hlbWFfdmVyc2lvbiI6IjEifQ=="
        }
      ]
    },
    {
      "mode": "managed",
      "type": "aws_route_table",
      "name": "es-labRouteTable",
      "provider": "provider.aws",
      "instances": [
        {
          "schema_version": 0,
          "attributes": {
            "id": "rtb-0bb439d02a4394196",
            "owner_id": "684135021874",
            "propagating_vgws": [],
            "route": [
              {
                "cidr_block": "0.0.0.0/0",
                "egress_only_gateway_id": "",
                "gateway_id": "igw-09e3a3a3cf51c3004",
                "instance_id": "",
                "ipv6_cidr_block": "",
                "nat_gateway_id": "",
                "network_interface_id": "",
                "transit_gateway_id": "",
                "vpc_peering_connection_id": ""
              }
            ],
            "tags": {
              "Name": "es-lab-RouteTable"
            },
            "vpc_id": "vpc-022563250ef9c874f"
          },
          "private": "bnVsbA==",
          "depends_on": [
            "aws_internet_gateway.igw",
            "aws_vpc.vpc"
          ]
        }
      ]
    },
    {
      "mode": "managed",
      "type": "aws_route_table_association",
      "name": "es-labRouteTableAssociation",
      "provider": "provider.aws",
      "instances": [
        {
          "schema_version": 0,
          "attributes": {
            "id": "rtbassoc-010b956af0a243f07",
            "route_table_id": "rtb-0bb439d02a4394196",
            "subnet_id": "subnet-0a353f38a9963e65d"
          },
          "private": "bnVsbA==",
          "depends_on": [
            "aws_route_table.es-labRouteTable",
            "aws_subnet.es-labSubnet"
          ]
        }
      ]
    },
    {
      "mode": "managed",
      "type": "aws_security_group",
      "name": "es-labSG",
      "provider": "provider.aws",
      "instances": [
        {
          "schema_version": 1,
          "attributes": {
            "arn": "arn:aws:ec2:us-east-1:684135021874:security-group/sg-05cca2790cb8ca556",
            "description": "Managed by Terraform",
            "egress": [
              {
                "cidr_blocks": [
                  "0.0.0.0/0"
                ],
                "description": "",
                "from_port": 0,
                "ipv6_cidr_blocks": [],
                "prefix_list_ids": [],
                "protocol": "-1",
                "security_groups": [],
                "self": false,
                "to_port": 0
              }
            ],
            "id": "sg-05cca2790cb8ca556",
            "ingress": [
              {
                "cidr_blocks": [
                  "0.0.0.0/0"
                ],
                "description": "",
                "from_port": 22,
                "ipv6_cidr_blocks": [],
                "prefix_list_ids": [],
                "protocol": "tcp",
                "security_groups": [],
                "self": false,
                "to_port": 22
              },
              {
                "cidr_blocks": [
                  "10.150.0.0/24"
                ],
                "description": "",
                "from_port": 0,
                "ipv6_cidr_blocks": [],
                "prefix_list_ids": [],
                "protocol": "-1",
                "security_groups": [],
                "self": false,
                "to_port": 0
              }
            ],
            "name": "terraform-20191023202754065700000001",
            "name_prefix": null,
            "owner_id": "684135021874",
            "revoke_rules_on_delete": false,
            "tags": null,
            "timeouts": null,
            "vpc_id": "vpc-022563250ef9c874f"
          },
          "private": "eyJlMmJmYjczMC1lY2FhLTExZTYtOGY4OC0zNDM2M2JjN2M0YzAiOnsiY3JlYXRlIjo2MDAwMDAwMDAwMDAsImRlbGV0ZSI6NjAwMDAwMDAwMDAwfSwic2NoZW1hX3ZlcnNpb24iOiIxIn0=",
          "depends_on": [
            "aws_vpc.vpc"
          ]
        }
      ]
    },
    {
      "mode": "managed",
      "type": "aws_subnet",
      "name": "es-labSubnet",
      "provider": "provider.aws",
      "instances": [
        {
          "schema_version": 1,
          "attributes": {
            "arn": "arn:aws:ec2:us-east-1:684135021874:subnet/subnet-0a353f38a9963e65d",
            "assign_ipv6_address_on_creation": false,
            "availability_zone": "us-east-1a",
            "availability_zone_id": "use1-az4",
            "cidr_block": "10.150.0.0/24",
            "id": "subnet-0a353f38a9963e65d",
            "ipv6_cidr_block": "",
            "ipv6_cidr_block_association_id": "",
            "map_public_ip_on_launch": false,
            "owner_id": "684135021874",
            "tags": {
              "name": "es-lab"
            },
            "timeouts": null,
            "vpc_id": "vpc-022563250ef9c874f"
          },
          "private": "eyJlMmJmYjczMC1lY2FhLTExZTYtOGY4OC0zNDM2M2JjN2M0YzAiOnsiY3JlYXRlIjo2MDAwMDAwMDAwMDAsImRlbGV0ZSI6MTIwMDAwMDAwMDAwMH0sInNjaGVtYV92ZXJzaW9uIjoiMSJ9",
          "depends_on": [
            "aws_vpc.vpc"
          ]
        }
      ]
    },
    {
      "mode": "managed",
      "type": "aws_vpc",
      "name": "vpc",
      "provider": "provider.aws",
      "instances": [
        {
          "schema_version": 1,
          "attributes": {
            "arn": "arn:aws:ec2:us-east-1:684135021874:vpc/vpc-022563250ef9c874f",
            "assign_generated_ipv6_cidr_block": false,
            "cidr_block": "10.150.0.0/24",
            "default_network_acl_id": "acl-059aeb755499b4ef9",
            "default_route_table_id": "rtb-0e5e366e975619cd6",
            "default_security_group_id": "sg-0cc8f31ab5368bd17",
            "dhcp_options_id": "dopt-04b32aa21e7917b3b",
            "enable_classiclink": false,
            "enable_classiclink_dns_support": false,
            "enable_dns_hostnames": true,
            "enable_dns_support": true,
            "id": "vpc-022563250ef9c874f",
            "instance_tenancy": "default",
            "ipv6_association_id": "",
            "ipv6_cidr_block": "",
            "main_route_table_id": "rtb-0e5e366e975619cd6",
            "owner_id": "684135021874",
            "tags": {
              "name": "es-lab"
            }
          },
          "private": "eyJzY2hlbWFfdmVyc2lvbiI6IjEifQ=="
        }
      ]
    }
  ]
}
